// !$*UTF8*$!
{
	archiveVersion = 1;
	classes = {
	};
	objectVersion = 55;
	objects = {

/* Begin PBXBuildFile section */
		BD833B5029AF629400D0C382 /* someview.swift in Sources */ = {isa = PBXBuildFile; fileRef = BD833B4F29AF629400D0C382 /* someview.swift */; };
		BD833B5229AF6B1A00D0C382 /* RingAnimation.swift in Sources */ = {isa = PBXBuildFile; fileRef = BD833B5129AF6B1A00D0C382 /* RingAnimation.swift */; };
		C0A91FE3282CF52F00BA0F95 /* AnimatedCheckmarkViewApp.swift in Sources */ = {isa = PBXBuildFile; fileRef = C0A91FE2282CF52F00BA0F95 /* AnimatedCheckmarkViewApp.swift */; };
		C0A91FE7282CF53100BA0F95 /* Assets.xcassets in Resources */ = {isa = PBXBuildFile; fileRef = C0A91FE6282CF53100BA0F95 /* Assets.xcassets */; };
		C0A91FEA282CF53100BA0F95 /* Preview Assets.xcassets in Resources */ = {isa = PBXBuildFile; fileRef = C0A91FE9282CF53100BA0F95 /* Preview Assets.xcassets */; };
		C0A91FF1282CF54900BA0F95 /* AnimatedCheckmarkView.swift in Sources */ = {isa = PBXBuildFile; fileRef = C0A91FF0282CF54900BA0F95 /* AnimatedCheckmarkView.swift */; };
/* End PBXBuildFile section */

/* Begin PBXFileReference section */
		BD833B4F29AF629400D0C382 /* someview.swift */ = {isa = PBXFileReference; lastKnownFileType = sourcecode.swift; path = someview.swift; sourceTree = "<group>"; };
		BD833B5129AF6B1A00D0C382 /* RingAnimation.swift */ = {isa = PBXFileReference; lastKnownFileType = sourcecode.swift; path = RingAnimation.swift; sourceTree = "<group>"; };
		C0A91FDF282CF52F00BA0F95 /* AnimatedCheckmarkView.app */ = {isa = PBXFileReference; explicitFileType = wrapper.application; includeInIndex = 0; path = AnimatedCheckmarkView.app; sourceTree = BUILT_PRODUCTS_DIR; };
		C0A91FE2282CF52F00BA0F95 /* AnimatedCheckmarkViewApp.swift */ = {isa = PBXFileReference; lastKnownFileType = sourcecode.swift; path = AnimatedCheckmarkViewApp.swift; sourceTree = "<group>"; };
		C0A91FE6282CF53100BA0F95 /* Assets.xcassets */ = {isa = PBXFileReference; lastKnownFileType = folder.assetcatalog; path = Assets.xcassets; sourceTree = "<group>"; };
		C0A91FE9282CF53100BA0F95 /* Preview Assets.xcassets */ = {isa = PBXFileReference; lastKnownFileType = folder.assetcatalog; path = "Preview Assets.xcassets"; sourceTree = "<group>"; };
		C0A91FF0282CF54900BA0F95 /* AnimatedCheckmarkView.swift */ = {isa = PBXFileReference; lastKnownFileType = sourcecode.swift; path = AnimatedCheckmarkView.swift; sourceTree = "<group>"; };
/* End PBXFileReference section */

/* Begin PBXFrameworksBuildPhase section */
		C0A91FDC282CF52F00BA0F95 /* Frameworks */ = {
			isa = PBXFrameworksBuildPhase;
			buildActionMask = 2147483647;
			files = (
			);
			runOnlyForDeploymentPostprocessing = 0;
		};
/* End PBXFrameworksBuildPhase section */

/* Begin PBXGroup section */
		C0A91FD6282CF52F00BA0F95 = {
			isa = PBXGroup;
			children = (
				C0A91FE1282CF52F00BA0F95 /* AnimatedCheckmarkView */,
				C0A91FE0282CF52F00BA0F95 /* Products */,
			);
			sourceTree = "<group>";
		};
		C0A91FE0282CF52F00BA0F95 /* Products */ = {
			isa = PBXGroup;
			children = (
				C0A91FDF282CF52F00BA0F95 /* AnimatedCheckmarkView.app */,
			);
			name = Products;
			sourceTree = "<group>";
		};
		C0A91FE1282CF52F00BA0F95 /* AnimatedCheckmarkView */ = {
			isa = PBXGroup;
			children = (
				C0A91FE2282CF52F00BA0F95 /* AnimatedCheckmarkViewApp.swift */,
				BD833B5129AF6B1A00D0C382 /* RingAnimation.swift */,
				C0A91FF0282CF54900BA0F95 /* AnimatedCheckmarkView.swift */,
				BD833B4F29AF629400D0C382 /* someview.swift */,
				C0A91FE6282CF53100BA0F95 /* Assets.xcassets */,
				C0A91FE8282CF53100BA0F95 /* Preview Content */,
			);
			path = AnimatedCheckmarkView;
			sourceTree = "<group>";
		};
		C0A91FE8282CF53100BA0F95 /* Preview Content */ = {
			isa = PBXGroup;
			children = (
				C0A91FE9282CF53100BA0F95 /* Preview Assets.xcassets */,
			);
			path = "Preview Content";
			sourceTree = "<group>";
		};
/* End PBXGroup section */

/* Begin PBXNativeTarget section */
		C0A91FDE282CF52F00BA0F95 /* AnimatedCheckmarkView */ = {
			isa = PBXNativeTarget;
			buildConfigurationList = C0A91FED282CF53100BA0F95 /* Build configuration list for PBXNativeTarget "AnimatedCheckmarkView" */;
			buildPhases = (
				C0A91FDB282CF52F00BA0F95 /* Sources */,
				C0A91FDC282CF52F00BA0F95 /* Frameworks */,
				C0A91FDD282CF52F00BA0F95 /* Resources */,
			);
			buildRules = (
			);
			dependencies = (
			);
			name = AnimatedCheckmarkView;
			productName = AnimatedCheckmarkView;
			productReference = C0A91FDF282CF52F00BA0F95 /* AnimatedCheckmarkView.app */;
			productType = "com.apple.product-type.application";
		};
/* End PBXNativeTarget section */

/* Begin PBXProject section */
		C0A91FD7282CF52F00BA0F95 /* Project object */ = {
			isa = PBXProject;
			attributes = {
				BuildIndependentTargetsInParallel = 1;
				LastSwiftUpdateCheck = 1330;
				LastUpgradeCheck = 1330;
				TargetAttributes = {
					C0A91FDE282CF52F00BA0F95 = {
						CreatedOnToolsVersion = 13.3.1;
					};
				};
			};
			buildConfigurationList = C0A91FDA282CF52F00BA0F95 /* Build configuration list for PBXProject "AnimatedCheckmarkView" */;
			compatibilityVersion = "Xcode 13.0";
			developmentRegion = en;
			hasScannedForEncodings = 0;
			knownRegions = (
				en,
				Base,
			);
			mainGroup = C0A91FD6282CF52F00BA0F95;
			productRefGroup = C0A91FE0282CF52F00BA0F95 /* Products */;
			projectDirPath = "";
			projectRoot = "";
			targets = (
				C0A91FDE282CF52F00BA0F95 /* AnimatedCheckmarkView */,
			);
		};
/* End PBXProject section */

/* Begin PBXResourcesBuildPhase section */
		C0A91FDD282CF52F00BA0F95 /* Resources */ = {
			isa = PBXResourcesBuildPhase;
			buildActionMask = 2147483647;
			files = (
				C0A91FEA282CF53100BA0F95 /* Preview Assets.xcassets in Resources */,
				C0A91FE7282CF53100BA0F95 /* Assets.xcassets in Resources */,
			);
			runOnlyForDeploymentPostprocessing = 0;
		};
/* End PBXResourcesBuildPhase section */

/* Begin PBXSourcesBuildPhase section */
		C0A91FDB282CF52F00BA0F95 /* Sources */ = {
			isa = PBXSourcesBuildPhase;
			buildActionMask = 2147483647;
			files = (
				BD833B5029AF629400D0C382 /* someview.swift in Sources */,
				C0A91FE3282CF52F00BA0F95 /* AnimatedCheckmarkViewApp.swift in Sources */,
				BD833B5229AF6B1A00D0C382 /* RingAnimation.swift in Sources */,
				C0A91FF1282CF54900BA0F95 /* AnimatedCheckmarkView.swift in Sources */,
			);
			runOnlyForDeploymentPostprocessing = 0;
		};
/* End PBXSourcesBuildPhase section */

/* Begin XCBuildConfiguration section */
		C0A91FEB282CF53100BA0F95 /* Debug */ = {
			isa = XCBuildConfiguration;
			buildSettings = {
				ALWAYS_SEARCH_USER_PATHS = NO;
				CLANG_ANALYZER_NONNULL = YES;
				CLANG_ANALYZER_NUMBER_OBJECT_CONVERSION = YES_AGGRESSIVE;
				CLANG_CXX_LANGUAGE_STANDARD = "gnu++17";
				CLANG_ENABLE_MODULES = YES;
				CLANG_ENABLE_OBJC_ARC = YES;
				CLANG_ENABLE_OBJC_WEAK = YES;
				CLANG_WARN_BLOCK_CAPTURE_AUTORELEASING = YES;
				CLANG_WARN_BOOL_CONVERSION = YES;
				CLANG_WARN_COMMA = YES;
				CLANG_WARN_CONSTANT_CONVERSION = YES;
				CLANG_WARN_DEPRECATED_OBJC_IMPLEMENTATIONS = YES;
				CLANG_WARN_DIRECT_OBJC_ISA_USAGE = YES_ERROR;
				CLANG_WARN_DOCUMENTATION_COMMENTS = YES;
				CLANG_WARN_EMPTY_BODY = YES;
				CLANG_WARN_ENUM_CONVERSION = YES;
				CLANG_WARN_INFINITE_RECURSION = YES;
				CLANG_WARN_INT_CONVERSION = YES;
				CLANG_WARN_NON_LITERAL_NULL_CONVERSION = YES;
				CLANG_WARN_OBJC_IMPLICIT_RETAIN_SELF = YES;
				CLANG_WARN_OBJC_LITERAL_CONVERSION = YES;
				CLANG_WARN_OBJC_ROOT_CLASS = YES_ERROR;
				CLANG_WARN_QUOTED_INCLUDE_IN_FRAMEWORK_HEADER = YES;
				CLANG_WARN_RANGE_LOOP_ANALYSIS = YES;
				CLANG_WARN_STRICT_PROTOTYPES = YES;
				CLANG_WARN_SUSPICIOUS_MOVE = YES;
				CLANG_WARN_UNGUARDED_AVAILABILITY = YES_AGGRESSIVE;
				CLANG_WARN_UNREACHABLE_CODE = YES;
				CLANG_WARN__DUPLICATE_METHOD_MATCH = YES;
				COPY_PHASE_STRIP = NO;
				DEBUG_INFORMATION_FORMAT = dwarf;
				ENABLE_STRICT_OBJC_MSGSEND = YES;
				ENABLE_TESTABILITY = YES;
				GCC_C_LANGUAGE_STANDARD = gnu11;
				GCC_DYNAMIC_NO_PIC = NO;
				GCC_NO_COMMON_BLOCKS = YES;
				GCC_OPTIMIZATION_LEVEL = 0;
				GCC_PREPROCESSOR_DEFINITIONS = (
					"DEBUG=1",
					"$(inherited)",
				);
				GCC_WARN_64_TO_32_BIT_CONVERSION = YES;
				GCC_WARN_ABOUT_RETURN_TYPE = YES_ERROR;
				GCC_WARN_UNDECLARED_SELECTOR = YES;
				GCC_WARN_UNINITIALIZED_AUTOS = YES_AGGRESSIVE;
				GCC_WARN_UNUSED_FUNCTION = YES;
				GCC_WARN_UNUSED_VARIABLE = YES;
				IPHONEOS_DEPLOYMENT_TARGET = 15.4;
				MTL_ENABLE_DEBUG_INFO = INCLUDE_SOURCE;
				MTL_FAST_MATH = YES;
				ONLY_ACTIVE_ARCH = YES;
				SDKROOT = iphoneos;
				SWIFT_ACTIVE_COMPILATION_CONDITIONS = DEBUG;
				SWIFT_OPTIMIZATION_LEVEL = "-Onone";
			};
			name = Debug;
		};
		C0A91FEC282CF53100BA0F95 /* Release */ = {
			isa = XCBuildConfiguration;
			buildSettings = {
				ALWAYS_SEARCH_USER_PATHS = NO;
				CLANG_ANALYZER_NONNULL = YES;
				CLANG_ANALYZER_NUMBER_OBJECT_CONVERSION = YES_AGGRESSIVE;
				CLANG_CXX_LANGUAGE_STANDARD = "gnu++17";
				CLANG_ENABLE_MODULES = YES;
				CLANG_ENABLE_OBJC_ARC = YES;
				CLANG_ENABLE_OBJC_WEAK = YES;
				CLANG_WARN_BLOCK_CAPTURE_AUTORELEASING = YES;
				CLANG_WARN_BOOL_CONVERSION = YES;
				CLANG_WARN_COMMA = YES;
				CLANG_WARN_CONSTANT_CONVERSION = YES;
				CLANG_WARN_DEPRECATED_OBJC_IMPLEMENTATIONS = YES;
				CLANG_WARN_DIRECT_OBJC_ISA_USAGE = YES_ERROR;
				CLANG_WARN_DOCUMENTATION_COMMENTS = YES;
				CLANG_WARN_EMPTY_BODY = YES;
				CLANG_WARN_ENUM_CONVERSION = YES;
				CLANG_WARN_INFINITE_RECURSION = YES;
				CLANG_WARN_INT_CONVERSION = YES;
				CLANG_WARN_NON_LITERAL_NULL_CONVERSION = YES;
				CLANG_WARN_OBJC_IMPLICIT_RETAIN_SELF = YES;
				CLANG_WARN_OBJC_LITERAL_CONVERSION = YES;
				CLANG_WARN_OBJC_ROOT_CLASS = YES_ERROR;
				CLANG_WARN_QUOTED_INCLUDE_IN_FRAMEWORK_HEADER = YES;
				CLANG_WARN_RANGE_LOOP_ANALYSIS = YES;
				CLANG_WARN_STRICT_PROTOTYPES = YES;
				CLANG_WARN_SUSPICIOUS_MOVE = YES;
				CLANG_WARN_UNGUARDED_AVAILABILITY = YES_AGGRESSIVE;
				CLANG_WARN_UNREACHABLE_CODE = YES;
				CLANG_WARN__DUPLICATE_METHOD_MATCH = YES;
				COPY_PHASE_STRIP = NO;
				DEBUG_INFORMATION_FORMAT = "dwarf-with-dsym";
				ENABLE_NS_ASSERTIONS = NO;
				ENABLE_STRICT_OBJC_MSGSEND = YES;
				GCC_C_LANGUAGE_STANDARD = gnu11;
				GCC_NO_COMMON_BLOCKS = YES;
				GCC_WARN_64_TO_32_BIT_CONVERSION = YES;
				GCC_WARN_ABOUT_RETURN_TYPE = YES_ERROR;
				GCC_WARN_UNDECLARED_SELECTOR = YES;
				GCC_WARN_UNINITIALIZED_AUTOS = YES_AGGRESSIVE;
				GCC_WARN_UNUSED_FUNCTION = YES;
				GCC_WARN_UNUSED_VARIABLE = YES;
				IPHONEOS_DEPLOYMENT_TARGET = 15.4;
				MTL_ENABLE_DEBUG_INFO = NO;
				MTL_FAST_MATH = YES;
				SDKROOT = iphoneos;
				SWIFT_COMPILATION_MODE = wholemodule;
				SWIFT_OPTIMIZATION_LEVEL = "-O";
				VALIDATE_PRODUCT = YES;
			};
			name = Release;
		};
		C0A91FEE282CF53100BA0F95 /* Debug */ = {
			isa = XCBuildConfiguration;
			buildSettings = {
				ASSETCATALOG_COMPILER_APPICON_NAME = AppIcon;
				ASSETCATALOG_COMPILER_GLOBAL_ACCENT_COLOR_NAME = AccentColor;
				CODE_SIGN_STYLE = Automatic;
				CURRENT_PROJECT_VERSION = 1;
				DEVELOPMENT_ASSET_PATHS = "\"AnimatedCheckmarkView/Preview Content\"";
				DEVELOPMENT_TEAM = 9BTCAVN99V;
				ENABLE_PREVIEWS = YES;
				GENERATE_INFOPLIST_FILE = YES;
				INFOPLIST_KEY_UIApplicationSceneManifest_Generation = YES;
				INFOPLIST_KEY_UIApplicationSupportsIndirectInputEvents = YES;
				INFOPLIST_KEY_UILaunchScreen_Generation = YES;
				INFOPLIST_KEY_UISupportedInterfaceOrientations_iPad = "UIInterfaceOrientationPortrait UIInterfaceOrientationPortraitUpsideDown UIInterfaceOrientationLandscapeLeft UIInterfaceOrientationLandscapeRight";
				INFOPLIST_KEY_UISupportedInterfaceOrientations_iPhone = "UIInterfaceOrientationPortrait UIInterfaceOrientationLandscapeLeft UIInterfaceOrientationLandscapeRight";
				LD_RUNPATH_SEARCH_PATHS = (
					"$(inherited)",
					"@executable_path/Frameworks",
				);
				MARKETING_VERSION = 1.0;
				PRODUCT_BUNDLE_IDENTIFIER = com.gabrieltheodoropoulos.AnimatedCheckmarkView;
				PRODUCT_NAME = "$(TARGET_NAME)";
				SWIFT_EMIT_LOC_STRINGS = YES;
				SWIFT_VERSION = 5.0;
				TARGETED_DEVICE_FAMILY = "1,2";
			};
			name = Debug;
		};
		C0A91FEF282CF53100BA0F95 /* Release */ = {
			isa = XCBuildConfiguration;
			buildSettings = {
				ASSETCATALOG_COMPILER_APPICON_NAME = AppIcon;
				ASSETCATALOG_COMPILER_GLOBAL_ACCENT_COLOR_NAME = AccentColor;
				CODE_SIGN_STYLE = Automatic;
				CURRENT_PROJECT_VERSION = 1;
				DEVELOPMENT_ASSET_PATHS = "\"AnimatedCheckmarkView/Preview Content\"";
				DEVELOPMENT_TEAM = 9BTCAVN99V;
				ENABLE_PREVIEWS = YES;
				GENERATE_INFOPLIST_FILE = YES;
				INFOPLIST_KEY_UIApplicationSceneManifest_Generation = YES;
				INFOPLIST_KEY_UIApplicationSupportsIndirectInputEvents = YES;
				INFOPLIST_KEY_UILaunchScreen_Generation = YES;
				INFOPLIST_KEY_UISupportedInterfaceOrientations_iPad = "UIInterfaceOrientationPortrait UIInterfaceOrientationPortraitUpsideDown UIInterfaceOrientationLandscapeLeft UIInterfaceOrientationLandscapeRight";
				INFOPLIST_KEY_UISupportedInterfaceOrientations_iPhone = "UIInterfaceOrientationPortrait UIInterfaceOrientationLandscapeLeft UIInterfaceOrientationLandscapeRight";
				LD_RUNPATH_SEARCH_PATHS = (
					"$(inherited)",
					"@executable_path/Frameworks",
				);
				MARKETING_VERSION = 1.0;
				PRODUCT_BUNDLE_IDENTIFIER = com.gabrieltheodoropoulos.AnimatedCheckmarkView;
				PRODUCT_NAME = "$(TARGET_NAME)";
				SWIFT_EMIT_LOC_STRINGS = YES;
				SWIFT_VERSION = 5.0;
				TARGETED_DEVICE_FAMILY = "1,2";
			};
			name = Release;
		};
/* End XCBuildConfiguration section */

/* Begin XCConfigurationList section */
		C0A91FDA282CF52F00BA0F95 /* Build configuration list for PBXProject "AnimatedCheckmarkView" */ = {
			isa = XCConfigurationList;
			buildConfigurations = (
				C0A91FEB282CF53100BA0F95 /* Debug */,
				C0A91FEC282CF53100BA0F95 /* Release */,
			);
			defaultConfigurationIsVisible = 0;
			defaultConfigurationName = Release;
		};
		C0A91FED282CF53100BA0F95 /* Build configuration list for PBXNativeTarget "AnimatedCheckmarkView" */ = {
			isa = XCConfigurationList;
			buildConfigurations = (
				C0A91FEE282CF53100BA0F95 /* Debug */,
				C0A91FEF282CF53100BA0F95 /* Release */,
			);
			defaultConfigurationIsVisible = 0;
			defaultConfigurationName = Release;
		};
/* End XCConfigurationList section */
	};
	rootObject = C0A91FD7282CF52F00BA0F95 /* Project object */;
}
