// !$*UTF8*$!
{
	archiveVersion = 1;
	classes = {
	};
	objectVersion = 55;
	objects = {

/* Begin PBXBuildFile section */
		BD45E6D2296E96FF00795F49 /* FruitModel.swift in Sources */ = {isa = PBXBuildFile; fileRef = BD45E6D1296E96FF00795F49 /* FruitModel.swift */; };
		BD45E6D5296E981500795F49 /* FruitData.swift in Sources */ = {isa = PBXBuildFile; fileRef = BD45E6D4296E981500795F49 /* FruitData.swift */; };
		BD45E6D7296ED82400795F49 /* FruitRowView.swift in Sources */ = {isa = PBXBuildFile; fileRef = BD45E6D6296ED82400795F49 /* FruitRowView.swift */; };
		BD4C1E6328C75AE00057D184 /* FructusApp.swift in Sources */ = {isa = PBXBuildFile; fileRef = BD4C1E6228C75AE00057D184 /* FructusApp.swift */; };
		BD4C1E6528C75AE00057D184 /* ContentView.swift in Sources */ = {isa = PBXBuildFile; fileRef = BD4C1E6428C75AE00057D184 /* ContentView.swift */; };
		BD4C1E6728C75AE10057D184 /* Assets.xcassets in Resources */ = {isa = PBXBuildFile; fileRef = BD4C1E6628C75AE10057D184 /* Assets.xcassets */; };
		BD4C1E6A28C75AE10057D184 /* Preview Assets.xcassets in Resources */ = {isa = PBXBuildFile; fileRef = BD4C1E6928C75AE10057D184 /* Preview Assets.xcassets */; };
		BD4C1E7328C75EF00057D184 /* FruitCardView.swift in Sources */ = {isa = PBXBuildFile; fileRef = BD4C1E7228C75EF00057D184 /* FruitCardView.swift */; };
		BD4C1E7528C764190057D184 /* StartButtonView.swift in Sources */ = {isa = PBXBuildFile; fileRef = BD4C1E7428C764190057D184 /* StartButtonView.swift */; };
		BD4C1E7728C7691B0057D184 /* OnboardingView.swift in Sources */ = {isa = PBXBuildFile; fileRef = BD4C1E7628C7691B0057D184 /* OnboardingView.swift */; };
		BD5AC4BD2970279100DBF270 /* FruitDetailsView.swift in Sources */ = {isa = PBXBuildFile; fileRef = BD5AC4BC2970279100DBF270 /* FruitDetailsView.swift */; };
/* End PBXBuildFile section */

/* Begin PBXFileReference section */
		BD45E6D1296E96FF00795F49 /* FruitModel.swift */ = {isa = PBXFileReference; lastKnownFileType = sourcecode.swift; path = FruitModel.swift; sourceTree = "<group>"; };
		BD45E6D4296E981500795F49 /* FruitData.swift */ = {isa = PBXFileReference; lastKnownFileType = sourcecode.swift; path = FruitData.swift; sourceTree = "<group>"; };
		BD45E6D6296ED82400795F49 /* FruitRowView.swift */ = {isa = PBXFileReference; lastKnownFileType = sourcecode.swift; path = FruitRowView.swift; sourceTree = "<group>"; };
		BD4C1E5F28C75AE00057D184 /* Fructus.app */ = {isa = PBXFileReference; explicitFileType = wrapper.application; includeInIndex = 0; path = Fructus.app; sourceTree = BUILT_PRODUCTS_DIR; };
		BD4C1E6228C75AE00057D184 /* FructusApp.swift */ = {isa = PBXFileReference; lastKnownFileType = sourcecode.swift; path = FructusApp.swift; sourceTree = "<group>"; };
		BD4C1E6428C75AE00057D184 /* ContentView.swift */ = {isa = PBXFileReference; lastKnownFileType = sourcecode.swift; path = ContentView.swift; sourceTree = "<group>"; };
		BD4C1E6628C75AE10057D184 /* Assets.xcassets */ = {isa = PBXFileReference; lastKnownFileType = folder.assetcatalog; path = Assets.xcassets; sourceTree = "<group>"; };
		BD4C1E6928C75AE10057D184 /* Preview Assets.xcassets */ = {isa = PBXFileReference; lastKnownFileType = folder.assetcatalog; path = "Preview Assets.xcassets"; sourceTree = "<group>"; };
		BD4C1E7228C75EF00057D184 /* FruitCardView.swift */ = {isa = PBXFileReference; lastKnownFileType = sourcecode.swift; path = FruitCardView.swift; sourceTree = "<group>"; };
		BD4C1E7428C764190057D184 /* StartButtonView.swift */ = {isa = PBXFileReference; lastKnownFileType = sourcecode.swift; path = StartButtonView.swift; sourceTree = "<group>"; };
		BD4C1E7628C7691B0057D184 /* OnboardingView.swift */ = {isa = PBXFileReference; lastKnownFileType = sourcecode.swift; path = OnboardingView.swift; sourceTree = "<group>"; };
		BD5AC4BC2970279100DBF270 /* FruitDetailsView.swift */ = {isa = PBXFileReference; lastKnownFileType = sourcecode.swift; path = FruitDetailsView.swift; sourceTree = "<group>"; };
/* End PBXFileReference section */

/* Begin PBXFrameworksBuildPhase section */
		BD4C1E5C28C75AE00057D184 /* Frameworks */ = {
			isa = PBXFrameworksBuildPhase;
			buildActionMask = 2147483647;
			files = (
			);
			runOnlyForDeploymentPostprocessing = 0;
		};
/* End PBXFrameworksBuildPhase section */

/* Begin PBXGroup section */
		BD45E6D0296E96F100795F49 /* Model */ = {
			isa = PBXGroup;
			children = (
				BD45E6D1296E96FF00795F49 /* FruitModel.swift */,
			);
			path = Model;
			sourceTree = "<group>";
		};
		BD45E6D3296E97FE00795F49 /* Data */ = {
			isa = PBXGroup;
			children = (
				BD45E6D4296E981500795F49 /* FruitData.swift */,
			);
			path = Data;
			sourceTree = "<group>";
		};
		BD4C1E5628C75AE00057D184 = {
			isa = PBXGroup;
			children = (
				BD4C1E6128C75AE00057D184 /* Fructus */,
				BD4C1E6028C75AE00057D184 /* Products */,
			);
			sourceTree = "<group>";
		};
		BD4C1E6028C75AE00057D184 /* Products */ = {
			isa = PBXGroup;
			children = (
				BD4C1E5F28C75AE00057D184 /* Fructus.app */,
			);
			name = Products;
			sourceTree = "<group>";
		};
		BD4C1E6128C75AE00057D184 /* Fructus */ = {
			isa = PBXGroup;
			children = (
				BD45E6D3296E97FE00795F49 /* Data */,
				BD45E6D0296E96F100795F49 /* Model */,
				BD4C1E7128C75EB70057D184 /* App */,
				BD4C1E7028C75E920057D184 /* Views */,
				BD4C1E6628C75AE10057D184 /* Assets.xcassets */,
				BD4C1E6828C75AE10057D184 /* Preview Content */,
			);
			path = Fructus;
			sourceTree = "<group>";
		};
		BD4C1E6828C75AE10057D184 /* Preview Content */ = {
			isa = PBXGroup;
			children = (
				BD4C1E6928C75AE10057D184 /* Preview Assets.xcassets */,
			);
			path = "Preview Content";
			sourceTree = "<group>";
		};
		BD4C1E7028C75E920057D184 /* Views */ = {
			isa = PBXGroup;
			children = (
				BD4C1E7228C75EF00057D184 /* FruitCardView.swift */,
				BD4C1E7428C764190057D184 /* StartButtonView.swift */,
				BD45E6D6296ED82400795F49 /* FruitRowView.swift */,
			);
			path = Views;
			sourceTree = "<group>";
		};
		BD4C1E7128C75EB70057D184 /* App */ = {
			isa = PBXGroup;
			children = (
				BD4C1E6228C75AE00057D184 /* FructusApp.swift */,
				BD4C1E6428C75AE00057D184 /* ContentView.swift */,
				BD4C1E7628C7691B0057D184 /* OnboardingView.swift */,
				BD5AC4BC2970279100DBF270 /* FruitDetailsView.swift */,
			);
			path = App;
			sourceTree = "<group>";
		};
/* End PBXGroup section */

/* Begin PBXNativeTarget section */
		BD4C1E5E28C75AE00057D184 /* Fructus */ = {
			isa = PBXNativeTarget;
			buildConfigurationList = BD4C1E6D28C75AE10057D184 /* Build configuration list for PBXNativeTarget "Fructus" */;
			buildPhases = (
				BD4C1E5B28C75AE00057D184 /* Sources */,
				BD4C1E5C28C75AE00057D184 /* Frameworks */,
				BD4C1E5D28C75AE00057D184 /* Resources */,
			);
			buildRules = (
			);
			dependencies = (
			);
			name = Fructus;
			productName = Fructus;
			productReference = BD4C1E5F28C75AE00057D184 /* Fructus.app */;
			productType = "com.apple.product-type.application";
		};
/* End PBXNativeTarget section */

/* Begin PBXProject section */
		BD4C1E5728C75AE00057D184 /* Project object */ = {
			isa = PBXProject;
			attributes = {
				BuildIndependentTargetsInParallel = 1;
				LastSwiftUpdateCheck = 1340;
				LastUpgradeCheck = 1340;
				TargetAttributes = {
					BD4C1E5E28C75AE00057D184 = {
						CreatedOnToolsVersion = 13.4.1;
					};
				};
			};
			buildConfigurationList = BD4C1E5A28C75AE00057D184 /* Build configuration list for PBXProject "Fructus" */;
			compatibilityVersion = "Xcode 13.0";
			developmentRegion = en;
			hasScannedForEncodings = 0;
			knownRegions = (
				en,
				Base,
			);
			mainGroup = BD4C1E5628C75AE00057D184;
			productRefGroup = BD4C1E6028C75AE00057D184 /* Products */;
			projectDirPath = "";
			projectRoot = "";
			targets = (
				BD4C1E5E28C75AE00057D184 /* Fructus */,
			);
		};
/* End PBXProject section */

/* Begin PBXResourcesBuildPhase section */
		BD4C1E5D28C75AE00057D184 /* Resources */ = {
			isa = PBXResourcesBuildPhase;
			buildActionMask = 2147483647;
			files = (
				BD4C1E6A28C75AE10057D184 /* Preview Assets.xcassets in Resources */,
				BD4C1E6728C75AE10057D184 /* Assets.xcassets in Resources */,
			);
			runOnlyForDeploymentPostprocessing = 0;
		};
/* End PBXResourcesBuildPhase section */

/* Begin PBXSourcesBuildPhase section */
		BD4C1E5B28C75AE00057D184 /* Sources */ = {
			isa = PBXSourcesBuildPhase;
			buildActionMask = 2147483647;
			files = (
				BD45E6D5296E981500795F49 /* FruitData.swift in Sources */,
				BD4C1E7328C75EF00057D184 /* FruitCardView.swift in Sources */,
				BD45E6D7296ED82400795F49 /* FruitRowView.swift in Sources */,
				BD4C1E7528C764190057D184 /* StartButtonView.swift in Sources */,
				BD5AC4BD2970279100DBF270 /* FruitDetailsView.swift in Sources */,
				BD4C1E6528C75AE00057D184 /* ContentView.swift in Sources */,
				BD4C1E7728C7691B0057D184 /* OnboardingView.swift in Sources */,
				BD45E6D2296E96FF00795F49 /* FruitModel.swift in Sources */,
				BD4C1E6328C75AE00057D184 /* FructusApp.swift in Sources */,
			);
			runOnlyForDeploymentPostprocessing = 0;
		};
/* End PBXSourcesBuildPhase section */

/* Begin XCBuildConfiguration section */
		BD4C1E6B28C75AE10057D184 /* Debug */ = {
			isa = XCBuildConfiguration;
			buildSettings = {
				ALWAYS_SEARCH_USER_PATHS = NO;
				CLANG_ANALYZER_NONNULL = YES;
				CLANG_ANALYZER_NUMBER_OBJECT_CONVERSION = YES_AGGRESSIVE;
				CLANG_CXX_LANGUAGE_STANDARD = "gnu++17";
				CLANG_ENABLE_MODULES = YES;
				CLANG_ENABLE_OBJC_ARC = YES;
				CLANG_ENABLE_OBJC_WEAK = YES;
				CLANG_WARN_BLOCK_CAPTURE_AUTORELEASING = YES;
				CLANG_WARN_BOOL_CONVERSION = YES;
				CLANG_WARN_COMMA = YES;
				CLANG_WARN_CONSTANT_CONVERSION = YES;
				CLANG_WARN_DEPRECATED_OBJC_IMPLEMENTATIONS = YES;
				CLANG_WARN_DIRECT_OBJC_ISA_USAGE = YES_ERROR;
				CLANG_WARN_DOCUMENTATION_COMMENTS = YES;
				CLANG_WARN_EMPTY_BODY = YES;
				CLANG_WARN_ENUM_CONVERSION = YES;
				CLANG_WARN_INFINITE_RECURSION = YES;
				CLANG_WARN_INT_CONVERSION = YES;
				CLANG_WARN_NON_LITERAL_NULL_CONVERSION = YES;
				CLANG_WARN_OBJC_IMPLICIT_RETAIN_SELF = YES;
				CLANG_WARN_OBJC_LITERAL_CONVERSION = YES;
				CLANG_WARN_OBJC_ROOT_CLASS = YES_ERROR;
				CLANG_WARN_QUOTED_INCLUDE_IN_FRAMEWORK_HEADER = YES;
				CLANG_WARN_RANGE_LOOP_ANALYSIS = YES;
				CLANG_WARN_STRICT_PROTOTYPES = YES;
				CLANG_WARN_SUSPICIOUS_MOVE = YES;
				CLANG_WARN_UNGUARDED_AVAILABILITY = YES_AGGRESSIVE;
				CLANG_WARN_UNREACHABLE_CODE = YES;
				CLANG_WARN__DUPLICATE_METHOD_MATCH = YES;
				COPY_PHASE_STRIP = NO;
				DEBUG_INFORMATION_FORMAT = dwarf;
				ENABLE_STRICT_OBJC_MSGSEND = YES;
				ENABLE_TESTABILITY = YES;
				GCC_C_LANGUAGE_STANDARD = gnu11;
				GCC_DYNAMIC_NO_PIC = NO;
				GCC_NO_COMMON_BLOCKS = YES;
				GCC_OPTIMIZATION_LEVEL = 0;
				GCC_PREPROCESSOR_DEFINITIONS = (
					"DEBUG=1",
					"$(inherited)",
				);
				GCC_WARN_64_TO_32_BIT_CONVERSION = YES;
				GCC_WARN_ABOUT_RETURN_TYPE = YES_ERROR;
				GCC_WARN_UNDECLARED_SELECTOR = YES;
				GCC_WARN_UNINITIALIZED_AUTOS = YES_AGGRESSIVE;
				GCC_WARN_UNUSED_FUNCTION = YES;
				GCC_WARN_UNUSED_VARIABLE = YES;
				IPHONEOS_DEPLOYMENT_TARGET = 15.5;
				MTL_ENABLE_DEBUG_INFO = INCLUDE_SOURCE;
				MTL_FAST_MATH = YES;
				ONLY_ACTIVE_ARCH = YES;
				SDKROOT = iphoneos;
				SWIFT_ACTIVE_COMPILATION_CONDITIONS = DEBUG;
				SWIFT_OPTIMIZATION_LEVEL = "-Onone";
			};
			name = Debug;
		};
		BD4C1E6C28C75AE10057D184 /* Release */ = {
			isa = XCBuildConfiguration;
			buildSettings = {
				ALWAYS_SEARCH_USER_PATHS = NO;
				CLANG_ANALYZER_NONNULL = YES;
				CLANG_ANALYZER_NUMBER_OBJECT_CONVERSION = YES_AGGRESSIVE;
				CLANG_CXX_LANGUAGE_STANDARD = "gnu++17";
				CLANG_ENABLE_MODULES = YES;
				CLANG_ENABLE_OBJC_ARC = YES;
				CLANG_ENABLE_OBJC_WEAK = YES;
				CLANG_WARN_BLOCK_CAPTURE_AUTORELEASING = YES;
				CLANG_WARN_BOOL_CONVERSION = YES;
				CLANG_WARN_COMMA = YES;
				CLANG_WARN_CONSTANT_CONVERSION = YES;
				CLANG_WARN_DEPRECATED_OBJC_IMPLEMENTATIONS = YES;
				CLANG_WARN_DIRECT_OBJC_ISA_USAGE = YES_ERROR;
				CLANG_WARN_DOCUMENTATION_COMMENTS = YES;
				CLANG_WARN_EMPTY_BODY = YES;
				CLANG_WARN_ENUM_CONVERSION = YES;
				CLANG_WARN_INFINITE_RECURSION = YES;
				CLANG_WARN_INT_CONVERSION = YES;
				CLANG_WARN_NON_LITERAL_NULL_CONVERSION = YES;
				CLANG_WARN_OBJC_IMPLICIT_RETAIN_SELF = YES;
				CLANG_WARN_OBJC_LITERAL_CONVERSION = YES;
				CLANG_WARN_OBJC_ROOT_CLASS = YES_ERROR;
				CLANG_WARN_QUOTED_INCLUDE_IN_FRAMEWORK_HEADER = YES;
				CLANG_WARN_RANGE_LOOP_ANALYSIS = YES;
				CLANG_WARN_STRICT_PROTOTYPES = YES;
				CLANG_WARN_SUSPICIOUS_MOVE = YES;
				CLANG_WARN_UNGUARDED_AVAILABILITY = YES_AGGRESSIVE;
				CLANG_WARN_UNREACHABLE_CODE = YES;
				CLANG_WARN__DUPLICATE_METHOD_MATCH = YES;
				COPY_PHASE_STRIP = NO;
				DEBUG_INFORMATION_FORMAT = "dwarf-with-dsym";
				ENABLE_NS_ASSERTIONS = NO;
				ENABLE_STRICT_OBJC_MSGSEND = YES;
				GCC_C_LANGUAGE_STANDARD = gnu11;
				GCC_NO_COMMON_BLOCKS = YES;
				GCC_WARN_64_TO_32_BIT_CONVERSION = YES;
				GCC_WARN_ABOUT_RETURN_TYPE = YES_ERROR;
				GCC_WARN_UNDECLARED_SELECTOR = YES;
				GCC_WARN_UNINITIALIZED_AUTOS = YES_AGGRESSIVE;
				GCC_WARN_UNUSED_FUNCTION = YES;
				GCC_WARN_UNUSED_VARIABLE = YES;
				IPHONEOS_DEPLOYMENT_TARGET = 15.5;
				MTL_ENABLE_DEBUG_INFO = NO;
				MTL_FAST_MATH = YES;
				SDKROOT = iphoneos;
				SWIFT_COMPILATION_MODE = wholemodule;
				SWIFT_OPTIMIZATION_LEVEL = "-O";
				VALIDATE_PRODUCT = YES;
			};
			name = Release;
		};
		BD4C1E6E28C75AE10057D184 /* Debug */ = {
			isa = XCBuildConfiguration;
			buildSettings = {
				ASSETCATALOG_COMPILER_APPICON_NAME = AppIcon;
				ASSETCATALOG_COMPILER_GLOBAL_ACCENT_COLOR_NAME = AccentColor;
				CODE_SIGN_STYLE = Automatic;
				CURRENT_PROJECT_VERSION = 1;
				DEVELOPMENT_ASSET_PATHS = "\"Fructus/Preview Content\"";
				ENABLE_PREVIEWS = YES;
				GENERATE_INFOPLIST_FILE = YES;
				INFOPLIST_KEY_UIApplicationSceneManifest_Generation = YES;
				INFOPLIST_KEY_UIApplicationSupportsIndirectInputEvents = YES;
				INFOPLIST_KEY_UILaunchScreen_Generation = YES;
				INFOPLIST_KEY_UISupportedInterfaceOrientations = UIInterfaceOrientationPortrait;
				INFOPLIST_KEY_UISupportedInterfaceOrientations_iPad = "UIInterfaceOrientationPortrait UIInterfaceOrientationPortraitUpsideDown UIInterfaceOrientationLandscapeLeft UIInterfaceOrientationLandscapeRight";
				INFOPLIST_KEY_UISupportedInterfaceOrientations_iPhone = "UIInterfaceOrientationPortrait UIInterfaceOrientationLandscapeLeft UIInterfaceOrientationLandscapeRight";
				LD_RUNPATH_SEARCH_PATHS = (
					"$(inherited)",
					"@executable_path/Frameworks",
				);
				MARKETING_VERSION = 1.0;
				PRODUCT_BUNDLE_IDENTIFIER = hunter.Fructus;
				PRODUCT_NAME = "$(TARGET_NAME)";
				SWIFT_EMIT_LOC_STRINGS = YES;
				SWIFT_VERSION = 5.0;
				TARGETED_DEVICE_FAMILY = "1,2";
			};
			name = Debug;
		};
		BD4C1E6F28C75AE10057D184 /* Release */ = {
			isa = XCBuildConfiguration;
			buildSettings = {
				ASSETCATALOG_COMPILER_APPICON_NAME = AppIcon;
				ASSETCATALOG_COMPILER_GLOBAL_ACCENT_COLOR_NAME = AccentColor;
				CODE_SIGN_STYLE = Automatic;
				CURRENT_PROJECT_VERSION = 1;
				DEVELOPMENT_ASSET_PATHS = "\"Fructus/Preview Content\"";
				ENABLE_PREVIEWS = YES;
				GENERATE_INFOPLIST_FILE = YES;
				INFOPLIST_KEY_UIApplicationSceneManifest_Generation = YES;
				INFOPLIST_KEY_UIApplicationSupportsIndirectInputEvents = YES;
				INFOPLIST_KEY_UILaunchScreen_Generation = YES;
				INFOPLIST_KEY_UISupportedInterfaceOrientations = UIInterfaceOrientationPortrait;
				INFOPLIST_KEY_UISupportedInterfaceOrientations_iPad = "UIInterfaceOrientationPortrait UIInterfaceOrientationPortraitUpsideDown UIInterfaceOrientationLandscapeLeft UIInterfaceOrientationLandscapeRight";
				INFOPLIST_KEY_UISupportedInterfaceOrientations_iPhone = "UIInterfaceOrientationPortrait UIInterfaceOrientationLandscapeLeft UIInterfaceOrientationLandscapeRight";
				LD_RUNPATH_SEARCH_PATHS = (
					"$(inherited)",
					"@executable_path/Frameworks",
				);
				MARKETING_VERSION = 1.0;
				PRODUCT_BUNDLE_IDENTIFIER = hunter.Fructus;
				PRODUCT_NAME = "$(TARGET_NAME)";
				SWIFT_EMIT_LOC_STRINGS = YES;
				SWIFT_VERSION = 5.0;
				TARGETED_DEVICE_FAMILY = "1,2";
			};
			name = Release;
		};
/* End XCBuildConfiguration section */

/* Begin XCConfigurationList section */
		BD4C1E5A28C75AE00057D184 /* Build configuration list for PBXProject "Fructus" */ = {
			isa = XCConfigurationList;
			buildConfigurations = (
				BD4C1E6B28C75AE10057D184 /* Debug */,
				BD4C1E6C28C75AE10057D184 /* Release */,
			);
			defaultConfigurationIsVisible = 0;
			defaultConfigurationName = Release;
		};
		BD4C1E6D28C75AE10057D184 /* Build configuration list for PBXNativeTarget "Fructus" */ = {
			isa = XCConfigurationList;
			buildConfigurations = (
				BD4C1E6E28C75AE10057D184 /* Debug */,
				BD4C1E6F28C75AE10057D184 /* Release */,
			);
			defaultConfigurationIsVisible = 0;
			defaultConfigurationName = Release;
		};
/* End XCConfigurationList section */
	};
	rootObject = BD4C1E5728C75AE00057D184 /* Project object */;
}
