// !$*UTF8*$!
{
	archiveVersion = 1;
	classes = {
	};
	objectVersion = 56;
	objects = {

/* Begin PBXBuildFile section */
		BDE8F4632984F88E008282B0 /* AppDelegate.swift in Sources */ = {isa = PBXBuildFile; fileRef = BDE8F4622984F88E008282B0 /* AppDelegate.swift */; };
		BDE8F4652984F88E008282B0 /* SceneDelegate.swift in Sources */ = {isa = PBXBuildFile; fileRef = BDE8F4642984F88E008282B0 /* SceneDelegate.swift */; };
		BDE8F46A2984F88E008282B0 /* Main.storyboard in Resources */ = {isa = PBXBuildFile; fileRef = BDE8F4682984F88E008282B0 /* Main.storyboard */; };
		BDE8F46C2984F88F008282B0 /* Assets.xcassets in Resources */ = {isa = PBXBuildFile; fileRef = BDE8F46B2984F88F008282B0 /* Assets.xcassets */; };
		BDE8F46F2984F88F008282B0 /* LaunchScreen.storyboard in Resources */ = {isa = PBXBuildFile; fileRef = BDE8F46D2984F88F008282B0 /* LaunchScreen.storyboard */; };
		BDE8F47A2984F92C008282B0 /* ImageUploader.swift in Sources */ = {isa = PBXBuildFile; fileRef = BDE8F4792984F92C008282B0 /* ImageUploader.swift */; };
		BDE8F47E2984F97B008282B0 /* FileUploader.swift in Sources */ = {isa = PBXBuildFile; fileRef = BDE8F47D2984F97B008282B0 /* FileUploader.swift */; };
/* End PBXBuildFile section */

/* Begin PBXFileReference section */
		BDE8F45F2984F88E008282B0 /* BackgroundImageUpload.app */ = {isa = PBXFileReference; explicitFileType = wrapper.application; includeInIndex = 0; path = BackgroundImageUpload.app; sourceTree = BUILT_PRODUCTS_DIR; };
		BDE8F4622984F88E008282B0 /* AppDelegate.swift */ = {isa = PBXFileReference; lastKnownFileType = sourcecode.swift; path = AppDelegate.swift; sourceTree = "<group>"; };
		BDE8F4642984F88E008282B0 /* SceneDelegate.swift */ = {isa = PBXFileReference; lastKnownFileType = sourcecode.swift; path = SceneDelegate.swift; sourceTree = "<group>"; };
		BDE8F4692984F88E008282B0 /* Base */ = {isa = PBXFileReference; lastKnownFileType = file.storyboard; name = Base; path = Base.lproj/Main.storyboard; sourceTree = "<group>"; };
		BDE8F46B2984F88F008282B0 /* Assets.xcassets */ = {isa = PBXFileReference; lastKnownFileType = folder.assetcatalog; path = Assets.xcassets; sourceTree = "<group>"; };
		BDE8F46E2984F88F008282B0 /* Base */ = {isa = PBXFileReference; lastKnownFileType = file.storyboard; name = Base; path = Base.lproj/LaunchScreen.storyboard; sourceTree = "<group>"; };
		BDE8F4702984F88F008282B0 /* Info.plist */ = {isa = PBXFileReference; lastKnownFileType = text.plist.xml; path = Info.plist; sourceTree = "<group>"; };
		BDE8F4792984F92C008282B0 /* ImageUploader.swift */ = {isa = PBXFileReference; lastKnownFileType = sourcecode.swift; path = ImageUploader.swift; sourceTree = "<group>"; };
		BDE8F47D2984F97B008282B0 /* FileUploader.swift */ = {isa = PBXFileReference; lastKnownFileType = sourcecode.swift; path = FileUploader.swift; sourceTree = "<group>"; };
/* End PBXFileReference section */

/* Begin PBXFrameworksBuildPhase section */
		BDE8F45C2984F88E008282B0 /* Frameworks */ = {
			isa = PBXFrameworksBuildPhase;
			buildActionMask = 2147483647;
			files = (
			);
			runOnlyForDeploymentPostprocessing = 0;
		};
/* End PBXFrameworksBuildPhase section */

/* Begin PBXGroup section */
		BDE8F4562984F88E008282B0 = {
			isa = PBXGroup;
			children = (
				BDE8F4612984F88E008282B0 /* BackgroundImageUpload */,
				BDE8F4602984F88E008282B0 /* Products */,
			);
			sourceTree = "<group>";
		};
		BDE8F4602984F88E008282B0 /* Products */ = {
			isa = PBXGroup;
			children = (
				BDE8F45F2984F88E008282B0 /* BackgroundImageUpload.app */,
			);
			name = Products;
			sourceTree = "<group>";
		};
		BDE8F4612984F88E008282B0 /* BackgroundImageUpload */ = {
			isa = PBXGroup;
			children = (
				BDE8F4782984F906008282B0 /* App */,
				BDE8F4762984F8DC008282B0 /* View */,
				BDE8F4772984F8EC008282B0 /* ViewControllers */,
				BDE8F47B2984F932008282B0 /* Model */,
			);
			path = BackgroundImageUpload;
			sourceTree = "<group>";
		};
		BDE8F4762984F8DC008282B0 /* View */ = {
			isa = PBXGroup;
			children = (
				BDE8F4682984F88E008282B0 /* Main.storyboard */,
				BDE8F46D2984F88F008282B0 /* LaunchScreen.storyboard */,
			);
			path = View;
			sourceTree = "<group>";
		};
		BDE8F4772984F8EC008282B0 /* ViewControllers */ = {
			isa = PBXGroup;
			children = (
				BDE8F4792984F92C008282B0 /* ImageUploader.swift */,
			);
			path = ViewControllers;
			sourceTree = "<group>";
		};
		BDE8F4782984F906008282B0 /* App */ = {
			isa = PBXGroup;
			children = (
				BDE8F4622984F88E008282B0 /* AppDelegate.swift */,
				BDE8F4642984F88E008282B0 /* SceneDelegate.swift */,
				BDE8F46B2984F88F008282B0 /* Assets.xcassets */,
				BDE8F4702984F88F008282B0 /* Info.plist */,
			);
			path = App;
			sourceTree = "<group>";
		};
		BDE8F47B2984F932008282B0 /* Model */ = {
			isa = PBXGroup;
			children = (
				BDE8F47D2984F97B008282B0 /* FileUploader.swift */,
			);
			path = Model;
			sourceTree = "<group>";
		};
/* End PBXGroup section */

/* Begin PBXNativeTarget section */
		BDE8F45E2984F88E008282B0 /* BackgroundImageUpload */ = {
			isa = PBXNativeTarget;
			buildConfigurationList = BDE8F4732984F88F008282B0 /* Build configuration list for PBXNativeTarget "BackgroundImageUpload" */;
			buildPhases = (
				BDE8F45B2984F88E008282B0 /* Sources */,
				BDE8F45C2984F88E008282B0 /* Frameworks */,
				BDE8F45D2984F88E008282B0 /* Resources */,
			);
			buildRules = (
			);
			dependencies = (
			);
			name = BackgroundImageUpload;
			productName = BackgroundImageUpload;
			productReference = BDE8F45F2984F88E008282B0 /* BackgroundImageUpload.app */;
			productType = "com.apple.product-type.application";
		};
/* End PBXNativeTarget section */

/* Begin PBXProject section */
		BDE8F4572984F88E008282B0 /* Project object */ = {
			isa = PBXProject;
			attributes = {
				BuildIndependentTargetsInParallel = 1;
				LastSwiftUpdateCheck = 1420;
				LastUpgradeCheck = 1420;
				TargetAttributes = {
					BDE8F45E2984F88E008282B0 = {
						CreatedOnToolsVersion = 14.2;
					};
				};
			};
			buildConfigurationList = BDE8F45A2984F88E008282B0 /* Build configuration list for PBXProject "BackgroundImageUpload" */;
			compatibilityVersion = "Xcode 14.0";
			developmentRegion = en;
			hasScannedForEncodings = 0;
			knownRegions = (
				en,
				Base,
			);
			mainGroup = BDE8F4562984F88E008282B0;
			productRefGroup = BDE8F4602984F88E008282B0 /* Products */;
			projectDirPath = "";
			projectRoot = "";
			targets = (
				BDE8F45E2984F88E008282B0 /* BackgroundImageUpload */,
			);
		};
/* End PBXProject section */

/* Begin PBXResourcesBuildPhase section */
		BDE8F45D2984F88E008282B0 /* Resources */ = {
			isa = PBXResourcesBuildPhase;
			buildActionMask = 2147483647;
			files = (
				BDE8F46F2984F88F008282B0 /* LaunchScreen.storyboard in Resources */,
				BDE8F46C2984F88F008282B0 /* Assets.xcassets in Resources */,
				BDE8F46A2984F88E008282B0 /* Main.storyboard in Resources */,
			);
			runOnlyForDeploymentPostprocessing = 0;
		};
/* End PBXResourcesBuildPhase section */

/* Begin PBXSourcesBuildPhase section */
		BDE8F45B2984F88E008282B0 /* Sources */ = {
			isa = PBXSourcesBuildPhase;
			buildActionMask = 2147483647;
			files = (
				BDE8F4632984F88E008282B0 /* AppDelegate.swift in Sources */,
				BDE8F4652984F88E008282B0 /* SceneDelegate.swift in Sources */,
				BDE8F47E2984F97B008282B0 /* FileUploader.swift in Sources */,
				BDE8F47A2984F92C008282B0 /* ImageUploader.swift in Sources */,
			);
			runOnlyForDeploymentPostprocessing = 0;
		};
/* End PBXSourcesBuildPhase section */

/* Begin PBXVariantGroup section */
		BDE8F4682984F88E008282B0 /* Main.storyboard */ = {
			isa = PBXVariantGroup;
			children = (
				BDE8F4692984F88E008282B0 /* Base */,
			);
			name = Main.storyboard;
			sourceTree = "<group>";
		};
		BDE8F46D2984F88F008282B0 /* LaunchScreen.storyboard */ = {
			isa = PBXVariantGroup;
			children = (
				BDE8F46E2984F88F008282B0 /* Base */,
			);
			name = LaunchScreen.storyboard;
			sourceTree = "<group>";
		};
/* End PBXVariantGroup section */

/* Begin XCBuildConfiguration section */
		BDE8F4712984F88F008282B0 /* Debug */ = {
			isa = XCBuildConfiguration;
			buildSettings = {
				ALWAYS_SEARCH_USER_PATHS = NO;
				CLANG_ANALYZER_NONNULL = YES;
				CLANG_ANALYZER_NUMBER_OBJECT_CONVERSION = YES_AGGRESSIVE;
				CLANG_CXX_LANGUAGE_STANDARD = "gnu++20";
				CLANG_ENABLE_MODULES = YES;
				CLANG_ENABLE_OBJC_ARC = YES;
				CLANG_ENABLE_OBJC_WEAK = YES;
				CLANG_WARN_BLOCK_CAPTURE_AUTORELEASING = YES;
				CLANG_WARN_BOOL_CONVERSION = YES;
				CLANG_WARN_COMMA = YES;
				CLANG_WARN_CONSTANT_CONVERSION = YES;
				CLANG_WARN_DEPRECATED_OBJC_IMPLEMENTATIONS = YES;
				CLANG_WARN_DIRECT_OBJC_ISA_USAGE = YES_ERROR;
				CLANG_WARN_DOCUMENTATION_COMMENTS = YES;
				CLANG_WARN_EMPTY_BODY = YES;
				CLANG_WARN_ENUM_CONVERSION = YES;
				CLANG_WARN_INFINITE_RECURSION = YES;
				CLANG_WARN_INT_CONVERSION = YES;
				CLANG_WARN_NON_LITERAL_NULL_CONVERSION = YES;
				CLANG_WARN_OBJC_IMPLICIT_RETAIN_SELF = YES;
				CLANG_WARN_OBJC_LITERAL_CONVERSION = YES;
				CLANG_WARN_OBJC_ROOT_CLASS = YES_ERROR;
				CLANG_WARN_QUOTED_INCLUDE_IN_FRAMEWORK_HEADER = YES;
				CLANG_WARN_RANGE_LOOP_ANALYSIS = YES;
				CLANG_WARN_STRICT_PROTOTYPES = YES;
				CLANG_WARN_SUSPICIOUS_MOVE = YES;
				CLANG_WARN_UNGUARDED_AVAILABILITY = YES_AGGRESSIVE;
				CLANG_WARN_UNREACHABLE_CODE = YES;
				CLANG_WARN__DUPLICATE_METHOD_MATCH = YES;
				COPY_PHASE_STRIP = NO;
				DEBUG_INFORMATION_FORMAT = dwarf;
				ENABLE_STRICT_OBJC_MSGSEND = YES;
				ENABLE_TESTABILITY = YES;
				GCC_C_LANGUAGE_STANDARD = gnu11;
				GCC_DYNAMIC_NO_PIC = NO;
				GCC_NO_COMMON_BLOCKS = YES;
				GCC_OPTIMIZATION_LEVEL = 0;
				GCC_PREPROCESSOR_DEFINITIONS = (
					"DEBUG=1",
					"$(inherited)",
				);
				GCC_WARN_64_TO_32_BIT_CONVERSION = YES;
				GCC_WARN_ABOUT_RETURN_TYPE = YES_ERROR;
				GCC_WARN_UNDECLARED_SELECTOR = YES;
				GCC_WARN_UNINITIALIZED_AUTOS = YES_AGGRESSIVE;
				GCC_WARN_UNUSED_FUNCTION = YES;
				GCC_WARN_UNUSED_VARIABLE = YES;
				IPHONEOS_DEPLOYMENT_TARGET = 16.2;
				MTL_ENABLE_DEBUG_INFO = INCLUDE_SOURCE;
				MTL_FAST_MATH = YES;
				ONLY_ACTIVE_ARCH = YES;
				SDKROOT = iphoneos;
				SWIFT_ACTIVE_COMPILATION_CONDITIONS = DEBUG;
				SWIFT_OPTIMIZATION_LEVEL = "-Onone";
			};
			name = Debug;
		};
		BDE8F4722984F88F008282B0 /* Release */ = {
			isa = XCBuildConfiguration;
			buildSettings = {
				ALWAYS_SEARCH_USER_PATHS = NO;
				CLANG_ANALYZER_NONNULL = YES;
				CLANG_ANALYZER_NUMBER_OBJECT_CONVERSION = YES_AGGRESSIVE;
				CLANG_CXX_LANGUAGE_STANDARD = "gnu++20";
				CLANG_ENABLE_MODULES = YES;
				CLANG_ENABLE_OBJC_ARC = YES;
				CLANG_ENABLE_OBJC_WEAK = YES;
				CLANG_WARN_BLOCK_CAPTURE_AUTORELEASING = YES;
				CLANG_WARN_BOOL_CONVERSION = YES;
				CLANG_WARN_COMMA = YES;
				CLANG_WARN_CONSTANT_CONVERSION = YES;
				CLANG_WARN_DEPRECATED_OBJC_IMPLEMENTATIONS = YES;
				CLANG_WARN_DIRECT_OBJC_ISA_USAGE = YES_ERROR;
				CLANG_WARN_DOCUMENTATION_COMMENTS = YES;
				CLANG_WARN_EMPTY_BODY = YES;
				CLANG_WARN_ENUM_CONVERSION = YES;
				CLANG_WARN_INFINITE_RECURSION = YES;
				CLANG_WARN_INT_CONVERSION = YES;
				CLANG_WARN_NON_LITERAL_NULL_CONVERSION = YES;
				CLANG_WARN_OBJC_IMPLICIT_RETAIN_SELF = YES;
				CLANG_WARN_OBJC_LITERAL_CONVERSION = YES;
				CLANG_WARN_OBJC_ROOT_CLASS = YES_ERROR;
				CLANG_WARN_QUOTED_INCLUDE_IN_FRAMEWORK_HEADER = YES;
				CLANG_WARN_RANGE_LOOP_ANALYSIS = YES;
				CLANG_WARN_STRICT_PROTOTYPES = YES;
				CLANG_WARN_SUSPICIOUS_MOVE = YES;
				CLANG_WARN_UNGUARDED_AVAILABILITY = YES_AGGRESSIVE;
				CLANG_WARN_UNREACHABLE_CODE = YES;
				CLANG_WARN__DUPLICATE_METHOD_MATCH = YES;
				COPY_PHASE_STRIP = NO;
				DEBUG_INFORMATION_FORMAT = "dwarf-with-dsym";
				ENABLE_NS_ASSERTIONS = NO;
				ENABLE_STRICT_OBJC_MSGSEND = YES;
				GCC_C_LANGUAGE_STANDARD = gnu11;
				GCC_NO_COMMON_BLOCKS = YES;
				GCC_WARN_64_TO_32_BIT_CONVERSION = YES;
				GCC_WARN_ABOUT_RETURN_TYPE = YES_ERROR;
				GCC_WARN_UNDECLARED_SELECTOR = YES;
				GCC_WARN_UNINITIALIZED_AUTOS = YES_AGGRESSIVE;
				GCC_WARN_UNUSED_FUNCTION = YES;
				GCC_WARN_UNUSED_VARIABLE = YES;
				IPHONEOS_DEPLOYMENT_TARGET = 16.2;
				MTL_ENABLE_DEBUG_INFO = NO;
				MTL_FAST_MATH = YES;
				SDKROOT = iphoneos;
				SWIFT_COMPILATION_MODE = wholemodule;
				SWIFT_OPTIMIZATION_LEVEL = "-O";
				VALIDATE_PRODUCT = YES;
			};
			name = Release;
		};
		BDE8F4742984F88F008282B0 /* Debug */ = {
			isa = XCBuildConfiguration;
			buildSettings = {
				ASSETCATALOG_COMPILER_APPICON_NAME = AppIcon;
				ASSETCATALOG_COMPILER_GLOBAL_ACCENT_COLOR_NAME = AccentColor;
				CODE_SIGN_STYLE = Manual;
				CURRENT_PROJECT_VERSION = 1;
				DEVELOPMENT_TEAM = "";
				GENERATE_INFOPLIST_FILE = YES;
				INFOPLIST_FILE = "/Users/sohilsarkazi/Desktop/BG upload Task/BackgroundImageUpload/BackgroundImageUpload/App/Info.plist";
				INFOPLIST_KEY_UIApplicationSupportsIndirectInputEvents = YES;
				INFOPLIST_KEY_UILaunchStoryboardName = LaunchScreen;
				INFOPLIST_KEY_UIMainStoryboardFile = Main;
				INFOPLIST_KEY_UISupportedInterfaceOrientations_iPad = "UIInterfaceOrientationPortrait UIInterfaceOrientationPortraitUpsideDown UIInterfaceOrientationLandscapeLeft UIInterfaceOrientationLandscapeRight";
				INFOPLIST_KEY_UISupportedInterfaceOrientations_iPhone = "UIInterfaceOrientationPortrait UIInterfaceOrientationLandscapeLeft UIInterfaceOrientationLandscapeRight";
				LD_RUNPATH_SEARCH_PATHS = (
					"$(inherited)",
					"@executable_path/Frameworks",
				);
				MARKETING_VERSION = 1.0;
				PRODUCT_BUNDLE_IDENTIFIER = com.milind.MM.BackgroundImageUpload;
				PRODUCT_NAME = "$(TARGET_NAME)";
				PROVISIONING_PROFILE_SPECIFIER = "";
				SWIFT_EMIT_LOC_STRINGS = YES;
				SWIFT_VERSION = 5.0;
				TARGETED_DEVICE_FAMILY = "1,2";
			};
			name = Debug;
		};
		BDE8F4752984F88F008282B0 /* Release */ = {
			isa = XCBuildConfiguration;
			buildSettings = {
				ASSETCATALOG_COMPILER_APPICON_NAME = AppIcon;
				ASSETCATALOG_COMPILER_GLOBAL_ACCENT_COLOR_NAME = AccentColor;
				CODE_SIGN_STYLE = Manual;
				CURRENT_PROJECT_VERSION = 1;
				DEVELOPMENT_TEAM = "";
				GENERATE_INFOPLIST_FILE = YES;
				INFOPLIST_FILE = "/Users/sohilsarkazi/Desktop/BG upload Task/BackgroundImageUpload/BackgroundImageUpload/App/Info.plist";
				INFOPLIST_KEY_UIApplicationSupportsIndirectInputEvents = YES;
				INFOPLIST_KEY_UILaunchStoryboardName = LaunchScreen;
				INFOPLIST_KEY_UIMainStoryboardFile = Main;
				INFOPLIST_KEY_UISupportedInterfaceOrientations_iPad = "UIInterfaceOrientationPortrait UIInterfaceOrientationPortraitUpsideDown UIInterfaceOrientationLandscapeLeft UIInterfaceOrientationLandscapeRight";
				INFOPLIST_KEY_UISupportedInterfaceOrientations_iPhone = "UIInterfaceOrientationPortrait UIInterfaceOrientationLandscapeLeft UIInterfaceOrientationLandscapeRight";
				LD_RUNPATH_SEARCH_PATHS = (
					"$(inherited)",
					"@executable_path/Frameworks",
				);
				MARKETING_VERSION = 1.0;
				PRODUCT_BUNDLE_IDENTIFIER = com.milind.MM.BackgroundImageUpload;
				PRODUCT_NAME = "$(TARGET_NAME)";
				PROVISIONING_PROFILE_SPECIFIER = "";
				SWIFT_EMIT_LOC_STRINGS = YES;
				SWIFT_VERSION = 5.0;
				TARGETED_DEVICE_FAMILY = "1,2";
			};
			name = Release;
		};
/* End XCBuildConfiguration section */

/* Begin XCConfigurationList section */
		BDE8F45A2984F88E008282B0 /* Build configuration list for PBXProject "BackgroundImageUpload" */ = {
			isa = XCConfigurationList;
			buildConfigurations = (
				BDE8F4712984F88F008282B0 /* Debug */,
				BDE8F4722984F88F008282B0 /* Release */,
			);
			defaultConfigurationIsVisible = 0;
			defaultConfigurationName = Release;
		};
		BDE8F4732984F88F008282B0 /* Build configuration list for PBXNativeTarget "BackgroundImageUpload" */ = {
			isa = XCConfigurationList;
			buildConfigurations = (
				BDE8F4742984F88F008282B0 /* Debug */,
				BDE8F4752984F88F008282B0 /* Release */,
			);
			defaultConfigurationIsVisible = 0;
			defaultConfigurationName = Release;
		};
/* End XCConfigurationList section */
	};
	rootObject = BDE8F4572984F88E008282B0 /* Project object */;
}
